
Microsoft Visual Studio Solution File, Format Version 12.00
# Visual Studio 14
VisualStudioVersion = 14.0.24720.0
MinimumVisualStudioVersion = 10.0.40219.1
Project("{FAE04EC0-301F-11D3-BF4B-00C04F79EFBC}") = "Takenet.Text", "Takenet.Text\Takenet.Text.csproj", "{875DF2A3-F0CD-4245-820B-CA0CAF0565A6}"
EndProject
Project("{FAE04EC0-301F-11D3-BF4B-00C04F79EFBC}") = "Takenet.Text.UnitTests", "Takenet.Text.UnitTests\Takenet.Text.UnitTests.csproj", "{A06A6AF3-B92B-4B2F-B5A6-C68C62CA6E88}"
EndProject
Project("{FAE04EC0-301F-11D3-BF4B-00C04F79EFBC}") = "Takenet.Text.Samples", "Takenet.Text.Samples\Takenet.Text.Samples.csproj", "{CCE0D32D-1ADB-4AF7-8159-5F08BDBDF8B3}"
EndProject
Project("{2150E333-8FDC-42A3-9474-1A3956D46DE8}") = "Solution Items", "Solution Items", "{90752505-39EF-40AF-8D3B-164BC848B2E9}"
	ProjectSection(SolutionItems) = preProject
		..\LICENSE = ..\LICENSE
		..\README.md = ..\README.md
	EndProjectSection
EndProject
Global
	GlobalSection(SolutionConfigurationPlatforms) = preSolution
		Debug|Any CPU = Debug|Any CPU
		Release|Any CPU = Release|Any CPU
	EndGlobalSection
	GlobalSection(ProjectConfigurationPlatforms) = postSolution
		{875DF2A3-F0CD-4245-820B-CA0CAF0565A6}.Debug|Any CPU.ActiveCfg = Debug|Any CPU
		{875DF2A3-F0CD-4245-820B-CA0CAF0565A6}.Debug|Any CPU.Build.0 = Debug|Any CPU
		{875DF2A3-F0CD-4245-820B-CA0CAF0565A6}.Release|Any CPU.ActiveCfg = Release|Any CPU
		{875DF2A3-F0CD-4245-820B-CA0CAF0565A6}.Release|Any CPU.Build.0 = Release|Any CPU
		{A06A6AF3-B92B-4B2F-B5A6-C68C62CA6E88}.Debug|Any CPU.ActiveCfg = Debug|Any CPU
		{A06A6AF3-B92B-4B2F-B5A6-C68C62CA6E88}.Debug|Any CPU.Build.0 = Debug|Any CPU
		{A06A6AF3-B92B-4B2F-B5A6-C68C62CA6E88}.Release|Any CPU.ActiveCfg = Release|Any CPU
		{A06A6AF3-B92B-4B2F-B5A6-C68C62CA6E88}.Release|Any CPU.Build.0 = Release|Any CPU
		{CCE0D32D-1ADB-4AF7-8159-5F08BDBDF8B3}.Debug|Any CPU.ActiveCfg = Debug|Any CPU
		{CCE0D32D-1ADB-4AF7-8159-5F08BDBDF8B3}.Debug|Any CPU.Build.0 = Debug|Any CPU
		{CCE0D32D-1ADB-4AF7-8159-5F08BDBDF8B3}.Release|Any CPU.ActiveCfg = Release|Any CPU
		{CCE0D32D-1ADB-4AF7-8159-5F08BDBDF8B3}.Release|Any CPU.Build.0 = Release|Any CPU
	EndGlobalSection
	GlobalSection(SolutionProperties) = preSolution
		HideSolutionNode = FALSE
	EndGlobalSection
EndGlobal
