
Microsoft Visual Studio Solution File, Format Version 12.00
# Visual Studio 15
VisualStudioVersion = 15.0.26403.3
MinimumVisualStudioVersion = 10.0.40219.1
Project("{2150E333-8FDC-42A3-9474-1A3956D46DE8}") = "Solution Items", "Solution Items", "{90752505-39EF-40AF-8D3B-164BC848B2E9}"
	ProjectSection(SolutionItems) = preProject
		..\appveyor.yml = ..\appveyor.yml
		..\LICENSE = ..\LICENSE
		..\README.md = ..\README.md
	EndProjectSection
EndProject
Project("{9A19103F-16F7-4668-BE54-9A1E7A4F7556}") = "Takenet.Textc.Core", "Takenet.Textc\Takenet.Textc.Core.csproj", "{FEF0D622-5A64-4743-8EF1-BDAB346597DF}"
EndProject
Project("{9A19103F-16F7-4668-BE54-9A1E7A4F7556}") = "Takenet.Textc.Samples.Core", "Takenet.Textc.Samples\Takenet.Textc.Samples.Core.csproj", "{4A42992A-3E05-4150-ACDE-9399B8DCA6DB}"
EndProject
Project("{9A19103F-16F7-4668-BE54-9A1E7A4F7556}") = "Takenet.Textc.UnitTests.Core", "Takenet.Textc.UnitTests\Takenet.Textc.UnitTests.Core.csproj", "{27A4923C-7646-4364-9D9C-542EC586E965}"
EndProject
Global
	GlobalSection(SolutionConfigurationPlatforms) = preSolution
		Debug|Any CPU = Debug|Any CPU
		Release|Any CPU = Release|Any CPU
	EndGlobalSection
	GlobalSection(ProjectConfigurationPlatforms) = postSolution
		{FEF0D622-5A64-4743-8EF1-BDAB346597DF}.Debug|Any CPU.ActiveCfg = Debug|Any CPU
		{FEF0D622-5A64-4743-8EF1-BDAB346597DF}.Debug|Any CPU.Build.0 = Debug|Any CPU
		{FEF0D622-5A64-4743-8EF1-BDAB346597DF}.Release|Any CPU.ActiveCfg = Release|Any CPU
		{FEF0D622-5A64-4743-8EF1-BDAB346597DF}.Release|Any CPU.Build.0 = Release|Any CPU
		{4A42992A-3E05-4150-ACDE-9399B8DCA6DB}.Debug|Any CPU.ActiveCfg = Debug|Any CPU
		{4A42992A-3E05-4150-ACDE-9399B8DCA6DB}.Debug|Any CPU.Build.0 = Debug|Any CPU
		{4A42992A-3E05-4150-ACDE-9399B8DCA6DB}.Release|Any CPU.ActiveCfg = Release|Any CPU
		{4A42992A-3E05-4150-ACDE-9399B8DCA6DB}.Release|Any CPU.Build.0 = Release|Any CPU
		{27A4923C-7646-4364-9D9C-542EC586E965}.Debug|Any CPU.ActiveCfg = Debug|Any CPU
		{27A4923C-7646-4364-9D9C-542EC586E965}.Debug|Any CPU.Build.0 = Debug|Any CPU
		{27A4923C-7646-4364-9D9C-542EC586E965}.Release|Any CPU.ActiveCfg = Release|Any CPU
		{27A4923C-7646-4364-9D9C-542EC586E965}.Release|Any CPU.Build.0 = Release|Any CPU
	EndGlobalSection
	GlobalSection(SolutionProperties) = preSolution
		HideSolutionNode = FALSE
	EndGlobalSection
	GlobalSection(ExtensibilityGlobals) = postSolution
		SolutionGuid = {D5D81951-B8B6-47D2-962E-4808EB9A751F}
	EndGlobalSection
EndGlobal
